
Microsoft Visual Studio Solution File, Format Version 12.00
Project("{FAE04EC0-301F-11D3-BF4B-00C04F79EFBC}") = "UserDataCollector", "UserDataCollector\UserDataCollector.csproj", "{9E24BD0B-5592-4AA9-92B6-ED9B83FD1CA3}"
EndProject
Global
	GlobalSection(SolutionConfigurationPlatforms) = preSolution
		Debug|Any CPU = Debug|Any CPU
		Release|Any CPU = Release|Any CPU
	EndGlobalSection
	GlobalSection(ProjectConfigurationPlatforms) = postSolution
		{9E24BD0B-5592-4AA9-92B6-ED9B83FD1CA3}.Debug|Any CPU.ActiveCfg = Debug|Any CPU
		{9E24BD0B-5592-4AA9-92B6-ED9B83FD1CA3}.Debug|Any CPU.Build.0 = Debug|Any CPU
		{9E24BD0B-5592-4AA9-92B6-ED9B83FD1CA3}.Release|Any CPU.ActiveCfg = Release|Any CPU
		{9E24BD0B-5592-4AA9-92B6-ED9B83FD1CA3}.Release|Any CPU.Build.0 = Release|Any CPU
	EndGlobalSection
EndGlobal
